
Microsoft Visual Studio Solution File, Format Version 12.00
# Visual Studio 15
VisualStudioVersion = 15.0.28307.106
MinimumVisualStudioVersion = 10.0.40219.1
Project("{8BC9CEB8-8B4A-11D0-8D11-00A0C91BC942}") = "19.02.2019HW", "19.02.2019HW\19.02.2019HW.vcxproj", "{03F4F979-4DB7-48B2-B8CF-7E84ABBBC45B}"
EndProject
Global
	GlobalSection(SolutionConfigurationPlatforms) = preSolution
		Debug|x64 = Debug|x64
		Debug|x86 = Debug|x86
		Release|x64 = Release|x64
		Release|x86 = Release|x86
	EndGlobalSection
	GlobalSection(ProjectConfigurationPlatforms) = postSolution
		{03F4F979-4DB7-48B2-B8CF-7E84ABBBC45B}.Debug|x64.ActiveCfg = Debug|x64
		{03F4F979-4DB7-48B2-B8CF-7E84ABBBC45B}.Debug|x64.Build.0 = Debug|x64
		{03F4F979-4DB7-48B2-B8CF-7E84ABBBC45B}.Debug|x86.ActiveCfg = Debug|Win32
		{03F4F979-4DB7-48B2-B8CF-7E84ABBBC45B}.Debug|x86.Build.0 = Debug|Win32
		{03F4F979-4DB7-48B2-B8CF-7E84ABBBC45B}.Release|x64.ActiveCfg = Release|x64
		{03F4F979-4DB7-48B2-B8CF-7E84ABBBC45B}.Release|x64.Build.0 = Release|x64
		{03F4F979-4DB7-48B2-B8CF-7E84ABBBC45B}.Release|x86.ActiveCfg = Release|Win32
		{03F4F979-4DB7-48B2-B8CF-7E84ABBBC45B}.Release|x86.Build.0 = Release|Win32
	EndGlobalSection
	GlobalSection(SolutionProperties) = preSolution
		HideSolutionNode = FALSE
	EndGlobalSection
	GlobalSection(ExtensibilityGlobals) = postSolution
		SolutionGuid = {ABBE1412-0B97-43E4-AD33-308E49F857C8}
	EndGlobalSection
EndGlobal
